{
  "name": "project1",
  "lockfileVersion": 3,
  "requires": true,
  "packages": {
    "": {
      "dependencies": {
        "react-image-comparison-slider": "^1.8.4"
      }
    },
    "node_modules/react-image-comparison-slider": {
      "version": "1.8.4",
      "resolved": "https://registry.npmjs.org/react-image-comparison-slider/-/react-image-comparison-slider-1.8.4.tgz",
      "integrity": "sha512-NdkQYt/AVMkeOhekLVaLy0mVW2438tDc8DzN40nhsvdz4s29vUnNwjjdEtF0UnDuMWenPVctNa3O0PR/FPXcoQ==",
      "license": "MIT",
      "peerDependencies": {
        "react": "^16.8.0"
      }
    }
  }
}
